
Microsoft Visual Studio Solution File, Format Version 12.00
# Visual Studio Version 16
VisualStudioVersion = 16.0.32802.440
MinimumVisualStudioVersion = 10.0.40219.1
Project("{FAE04EC0-301F-11D3-BF4B-00C04F79EFBC}") = "QLSINHVIEN_HOTHANHTAI_9057", "QLSINHVIEN_HOTHANHTAI_9057\QLSINHVIEN_HOTHANHTAI_9057.csproj", "{A6458F2A-1948-4626-80F2-8A6C4D5A4E1A}"
EndProject
Global
	GlobalSection(SolutionConfigurationPlatforms) = preSolution
		Debug|Any CPU = Debug|Any CPU
		Release|Any CPU = Release|Any CPU
	EndGlobalSection
	GlobalSection(ProjectConfigurationPlatforms) = postSolution
		{A6458F2A-1948-4626-80F2-8A6C4D5A4E1A}.Debug|Any CPU.ActiveCfg = Debug|Any CPU
		{A6458F2A-1948-4626-80F2-8A6C4D5A4E1A}.Debug|Any CPU.Build.0 = Debug|Any CPU
		{A6458F2A-1948-4626-80F2-8A6C4D5A4E1A}.Release|Any CPU.ActiveCfg = Release|Any CPU
		{A6458F2A-1948-4626-80F2-8A6C4D5A4E1A}.Release|Any CPU.Build.0 = Release|Any CPU
	EndGlobalSection
	GlobalSection(SolutionProperties) = preSolution
		HideSolutionNode = FALSE
	EndGlobalSection
	GlobalSection(ExtensibilityGlobals) = postSolution
		SolutionGuid = {84E1A9B1-9A65-40A5-B532-CE6BC0832533}
	EndGlobalSection
EndGlobal
